<?xml version="1.0" encoding="utf-8"?>
<Project ToolsVersion="17.0" xmlns="http://schemas.microsoft.com/developer/msbuild/2003">
  <ItemGroup>
    <CustomBuild Include="C:\Users\GamerPC\OneDrive\Рабочий стол\res1\res1\lab1semestr2\NewRes1\CMakeFiles\175050d6fe3c7e5e5018acbc328572a9\generate.stamp.rule">
      <Filter>CMake Rules</Filter>
    </CustomBuild>
  </ItemGroup>
  <ItemGroup>
    <Filter Include="CMake Rules">
      <UniqueIdentifier>{2113E117-4C5A-3CAD-AFAB-68A73AC4D9E3}</UniqueIdentifier>
    </Filter>
  </ItemGroup>
</Project>
